{
  "nodes": {
    "nixpkgs": {
      "locked": {
        "lastModified": 1689695516,
        "narHash": "sha256-31TCmqPkNZ6YeteDyNMyo4568a9vx9jQZAR5yT4Ei3I=",
        "owner": "NixOS",
        "repo": "nixpkgs",
        "rev": "5a2c27c83272b01a984686fef9dca8341c750cee",
        "type": "github"
      },
      "original": {
        "owner": "NixOS",
        "repo": "nixpkgs",
        "type": "github"
      }
    },
    "root": {
      "inputs": {
        "nixpkgs": "nixpkgs"
      }
    }
  },
  "root": "root",
  "version": 7
}
